// !$*UTF8*$!
{
	archiveVersion = 1;
	classes = {
	};
	objectVersion = 56;
	objects = {

/* Begin PBXBuildFile section */
		A918840729A691B40098AABC /* NasaGalleryApp.swift in Sources */ = {isa = PBXBuildFile; fileRef = A918840629A691B40098AABC /* NasaGalleryApp.swift */; };
		A918840929A691B40098AABC /* ContentView.swift in Sources */ = {isa = PBXBuildFile; fileRef = A918840829A691B40098AABC /* ContentView.swift */; };
		A918840B29A691B50098AABC /* Assets.xcassets in Resources */ = {isa = PBXBuildFile; fileRef = A918840A29A691B50098AABC /* Assets.xcassets */; };
		A918840E29A691B50098AABC /* Preview Assets.xcassets in Resources */ = {isa = PBXBuildFile; fileRef = A918840D29A691B50098AABC /* Preview Assets.xcassets */; };
		A918841629A692150098AABC /* DataService.swift in Sources */ = {isa = PBXBuildFile; fileRef = A918841529A692150098AABC /* DataService.swift */; };
		A918841929A6924A0098AABC /* NasaImage.swift in Sources */ = {isa = PBXBuildFile; fileRef = A918841829A6924A0098AABC /* NasaImage.swift */; };
		A918841C29A6930C0098AABC /* GridView.swift in Sources */ = {isa = PBXBuildFile; fileRef = A918841B29A6930C0098AABC /* GridView.swift */; };
		A918841E29A6932D0098AABC /* GridViewModel.swift in Sources */ = {isa = PBXBuildFile; fileRef = A918841D29A6932D0098AABC /* GridViewModel.swift */; };
		A918842129A693990098AABC /* SDWebImageSwiftUI in Frameworks */ = {isa = PBXBuildFile; productRef = A918842029A693990098AABC /* SDWebImageSwiftUI */; };
		A97E661329A7190300F3E451 /* DetailView.swift in Sources */ = {isa = PBXBuildFile; fileRef = A97E661229A7190300F3E451 /* DetailView.swift */; };
		A97E661529A7191200F3E451 /* DetailViewModel.swift in Sources */ = {isa = PBXBuildFile; fileRef = A97E661429A7191200F3E451 /* DetailViewModel.swift */; };
		A97E662C29A7495C00F3E451 /* NasaGalleryTests.swift in Sources */ = {isa = PBXBuildFile; fileRef = A97E662B29A7495C00F3E451 /* NasaGalleryTests.swift */; };
		A97E663429A7496F00F3E451 /* SDWebImageSwiftUI in Frameworks */ = {isa = PBXBuildFile; productRef = A97E663329A7496F00F3E451 /* SDWebImageSwiftUI */; };
		A97E663629A749A800F3E451 /* GridViewModel_tests.swift in Sources */ = {isa = PBXBuildFile; fileRef = A97E663529A749A800F3E451 /* GridViewModel_tests.swift */; };
		A97E663C29A7691400F3E451 /* ColorTheme.swift in Sources */ = {isa = PBXBuildFile; fileRef = A97E663B29A7691400F3E451 /* ColorTheme.swift */; };
/* End PBXBuildFile section */

/* Begin PBXContainerItemProxy section */
		A97E662D29A7495C00F3E451 /* PBXContainerItemProxy */ = {
			isa = PBXContainerItemProxy;
			containerPortal = A91883FB29A691B40098AABC /* Project object */;
			proxyType = 1;
			remoteGlobalIDString = A918840229A691B40098AABC;
			remoteInfo = NasaGallery;
		};
/* End PBXContainerItemProxy section */

/* Begin PBXFileReference section */
		A918840329A691B40098AABC /* NasaGallery.app */ = {isa = PBXFileReference; explicitFileType = wrapper.application; includeInIndex = 0; path = NasaGallery.app; sourceTree = BUILT_PRODUCTS_DIR; };
		A918840629A691B40098AABC /* NasaGalleryApp.swift */ = {isa = PBXFileReference; lastKnownFileType = sourcecode.swift; path = NasaGalleryApp.swift; sourceTree = "<group>"; };
		A918840829A691B40098AABC /* ContentView.swift */ = {isa = PBXFileReference; lastKnownFileType = sourcecode.swift; path = ContentView.swift; sourceTree = "<group>"; };
		A918840A29A691B50098AABC /* Assets.xcassets */ = {isa = PBXFileReference; lastKnownFileType = folder.assetcatalog; path = Assets.xcassets; sourceTree = "<group>"; };
		A918840D29A691B50098AABC /* Preview Assets.xcassets */ = {isa = PBXFileReference; lastKnownFileType = folder.assetcatalog; path = "Preview Assets.xcassets"; sourceTree = "<group>"; };
		A918841529A692150098AABC /* DataService.swift */ = {isa = PBXFileReference; lastKnownFileType = sourcecode.swift; path = DataService.swift; sourceTree = "<group>"; };
		A918841829A6924A0098AABC /* NasaImage.swift */ = {isa = PBXFileReference; lastKnownFileType = sourcecode.swift; path = NasaImage.swift; sourceTree = "<group>"; };
		A918841B29A6930C0098AABC /* GridView.swift */ = {isa = PBXFileReference; lastKnownFileType = sourcecode.swift; path = GridView.swift; sourceTree = "<group>"; };
		A918841D29A6932D0098AABC /* GridViewModel.swift */ = {isa = PBXFileReference; lastKnownFileType = sourcecode.swift; path = GridViewModel.swift; sourceTree = "<group>"; };
		A97E661229A7190300F3E451 /* DetailView.swift */ = {isa = PBXFileReference; lastKnownFileType = sourcecode.swift; path = DetailView.swift; sourceTree = "<group>"; };
		A97E661429A7191200F3E451 /* DetailViewModel.swift */ = {isa = PBXFileReference; lastKnownFileType = sourcecode.swift; path = DetailViewModel.swift; sourceTree = "<group>"; };
		A97E662929A7495C00F3E451 /* NasaGalleryTests.xctest */ = {isa = PBXFileReference; explicitFileType = wrapper.cfbundle; includeInIndex = 0; path = NasaGalleryTests.xctest; sourceTree = BUILT_PRODUCTS_DIR; };
		A97E662B29A7495C00F3E451 /* NasaGalleryTests.swift */ = {isa = PBXFileReference; lastKnownFileType = sourcecode.swift; path = NasaGalleryTests.swift; sourceTree = "<group>"; };
		A97E663529A749A800F3E451 /* GridViewModel_tests.swift */ = {isa = PBXFileReference; lastKnownFileType = sourcecode.swift; path = GridViewModel_tests.swift; sourceTree = "<group>"; };
		A97E663B29A7691400F3E451 /* ColorTheme.swift */ = {isa = PBXFileReference; lastKnownFileType = sourcecode.swift; path = ColorTheme.swift; sourceTree = "<group>"; };
/* End PBXFileReference section */

/* Begin PBXFrameworksBuildPhase section */
		A918840029A691B40098AABC /* Frameworks */ = {
			isa = PBXFrameworksBuildPhase;
			buildActionMask = 2147483647;
			files = (
				A918842129A693990098AABC /* SDWebImageSwiftUI in Frameworks */,
			);
			runOnlyForDeploymentPostprocessing = 0;
		};
		A97E662629A7495C00F3E451 /* Frameworks */ = {
			isa = PBXFrameworksBuildPhase;
			buildActionMask = 2147483647;
			files = (
				A97E663429A7496F00F3E451 /* SDWebImageSwiftUI in Frameworks */,
			);
			runOnlyForDeploymentPostprocessing = 0;
		};
/* End PBXFrameworksBuildPhase section */

/* Begin PBXGroup section */
		A91883FA29A691B40098AABC = {
			isa = PBXGroup;
			children = (
				A918840529A691B40098AABC /* NasaGallery */,
				A97E662A29A7495C00F3E451 /* NasaGalleryTests */,
				A918840429A691B40098AABC /* Products */,
				A97E663229A7496F00F3E451 /* Frameworks */,
			);
			sourceTree = "<group>";
		};
		A918840429A691B40098AABC /* Products */ = {
			isa = PBXGroup;
			children = (
				A918840329A691B40098AABC /* NasaGallery.app */,
				A97E662929A7495C00F3E451 /* NasaGalleryTests.xctest */,
			);
			name = Products;
			sourceTree = "<group>";
		};
		A918840529A691B40098AABC /* NasaGallery */ = {
			isa = PBXGroup;
			children = (
				A97E661D29A71BCD00F3E451 /* Utilities */,
				A97E661129A718E900F3E451 /* DetailViewModule */,
				A918841A29A692C40098AABC /* GridOfImages */,
				A918841729A6922B0098AABC /* Model */,
				A918841429A691E90098AABC /* NetworkManager */,
				A918840629A691B40098AABC /* NasaGalleryApp.swift */,
				A918840829A691B40098AABC /* ContentView.swift */,
				A918840A29A691B50098AABC /* Assets.xcassets */,
				A918840C29A691B50098AABC /* Preview Content */,
			);
			path = NasaGallery;
			sourceTree = "<group>";
		};
		A918840C29A691B50098AABC /* Preview Content */ = {
			isa = PBXGroup;
			children = (
				A918840D29A691B50098AABC /* Preview Assets.xcassets */,
			);
			path = "Preview Content";
			sourceTree = "<group>";
		};
		A918841429A691E90098AABC /* NetworkManager */ = {
			isa = PBXGroup;
			children = (
				A918841529A692150098AABC /* DataService.swift */,
			);
			path = NetworkManager;
			sourceTree = "<group>";
		};
		A918841729A6922B0098AABC /* Model */ = {
			isa = PBXGroup;
			children = (
				A918841829A6924A0098AABC /* NasaImage.swift */,
			);
			path = Model;
			sourceTree = "<group>";
		};
		A918841A29A692C40098AABC /* GridOfImages */ = {
			isa = PBXGroup;
			children = (
				A97E661B29A71A2000F3E451 /* GridViewViewModel */,
				A97E661A29A71A1200F3E451 /* GridView */,
			);
			path = GridOfImages;
			sourceTree = "<group>";
		};
		A97E661129A718E900F3E451 /* DetailViewModule */ = {
			isa = PBXGroup;
			children = (
				A97E661929A719FC00F3E451 /* DetailViewViewModel */,
				A97E661829A719ED00F3E451 /* DetailView */,
			);
			path = DetailViewModule;
			sourceTree = "<group>";
		};
		A97E661829A719ED00F3E451 /* DetailView */ = {
			isa = PBXGroup;
			children = (
				A97E661229A7190300F3E451 /* DetailView.swift */,
			);
			path = DetailView;
			sourceTree = "<group>";
		};
		A97E661929A719FC00F3E451 /* DetailViewViewModel */ = {
			isa = PBXGroup;
			children = (
				A97E661429A7191200F3E451 /* DetailViewModel.swift */,
			);
			path = DetailViewViewModel;
			sourceTree = "<group>";
		};
		A97E661A29A71A1200F3E451 /* GridView */ = {
			isa = PBXGroup;
			children = (
				A918841B29A6930C0098AABC /* GridView.swift */,
			);
			path = GridView;
			sourceTree = "<group>";
		};
		A97E661B29A71A2000F3E451 /* GridViewViewModel */ = {
			isa = PBXGroup;
			children = (
				A918841D29A6932D0098AABC /* GridViewModel.swift */,
			);
			path = GridViewViewModel;
			sourceTree = "<group>";
		};
		A97E661D29A71BCD00F3E451 /* Utilities */ = {
			isa = PBXGroup;
			children = (
				A97E663B29A7691400F3E451 /* ColorTheme.swift */,
			);
			path = Utilities;
			sourceTree = "<group>";
		};
		A97E662A29A7495C00F3E451 /* NasaGalleryTests */ = {
			isa = PBXGroup;
			children = (
				A97E662B29A7495C00F3E451 /* NasaGalleryTests.swift */,
				A97E663529A749A800F3E451 /* GridViewModel_tests.swift */,
			);
			path = NasaGalleryTests;
			sourceTree = "<group>";
		};
		A97E663229A7496F00F3E451 /* Frameworks */ = {
			isa = PBXGroup;
			children = (
			);
			name = Frameworks;
			sourceTree = "<group>";
		};
/* End PBXGroup section */

/* Begin PBXNativeTarget section */
		A918840229A691B40098AABC /* NasaGallery */ = {
			isa = PBXNativeTarget;
			buildConfigurationList = A918841129A691B50098AABC /* Build configuration list for PBXNativeTarget "NasaGallery" */;
			buildPhases = (
				A91883FF29A691B40098AABC /* Sources */,
				A918840029A691B40098AABC /* Frameworks */,
				A918840129A691B40098AABC /* Resources */,
			);
			buildRules = (
			);
			dependencies = (
			);
			name = NasaGallery;
			packageProductDependencies = (
				A918842029A693990098AABC /* SDWebImageSwiftUI */,
			);
			productName = NasaGallery;
			productReference = A918840329A691B40098AABC /* NasaGallery.app */;
			productType = "com.apple.product-type.application";
		};
		A97E662829A7495C00F3E451 /* NasaGalleryTests */ = {
			isa = PBXNativeTarget;
			buildConfigurationList = A97E663129A7495D00F3E451 /* Build configuration list for PBXNativeTarget "NasaGalleryTests" */;
			buildPhases = (
				A97E662529A7495C00F3E451 /* Sources */,
				A97E662629A7495C00F3E451 /* Frameworks */,
				A97E662729A7495C00F3E451 /* Resources */,
			);
			buildRules = (
			);
			dependencies = (
				A97E662E29A7495C00F3E451 /* PBXTargetDependency */,
			);
			name = NasaGalleryTests;
			packageProductDependencies = (
				A97E663329A7496F00F3E451 /* SDWebImageSwiftUI */,
			);
			productName = NasaGalleryTests;
			productReference = A97E662929A7495C00F3E451 /* NasaGalleryTests.xctest */;
			productType = "com.apple.product-type.bundle.unit-test";
		};
/* End PBXNativeTarget section */

/* Begin PBXProject section */
		A91883FB29A691B40098AABC /* Project object */ = {
			isa = PBXProject;
			attributes = {
				BuildIndependentTargetsInParallel = 1;
				LastSwiftUpdateCheck = 1420;
				LastUpgradeCheck = 1420;
				TargetAttributes = {
					A918840229A691B40098AABC = {
						CreatedOnToolsVersion = 14.2;
					};
					A97E662829A7495C00F3E451 = {
						CreatedOnToolsVersion = 14.2;
						TestTargetID = A918840229A691B40098AABC;
					};
				};
			};
			buildConfigurationList = A91883FE29A691B40098AABC /* Build configuration list for PBXProject "NasaGallery" */;
			compatibilityVersion = "Xcode 14.0";
			developmentRegion = en;
			hasScannedForEncodings = 0;
			knownRegions = (
				en,
				Base,
			);
			mainGroup = A91883FA29A691B40098AABC;
			packageReferences = (
				A918841F29A693990098AABC /* XCRemoteSwiftPackageReference "SDWebImageSwiftUI" */,
			);
			productRefGroup = A918840429A691B40098AABC /* Products */;
			projectDirPath = "";
			projectRoot = "";
			targets = (
				A918840229A691B40098AABC /* NasaGallery */,
				A97E662829A7495C00F3E451 /* NasaGalleryTests */,
			);
		};
/* End PBXProject section */

/* Begin PBXResourcesBuildPhase section */
		A918840129A691B40098AABC /* Resources */ = {
			isa = PBXResourcesBuildPhase;
			buildActionMask = 2147483647;
			files = (
				A918840E29A691B50098AABC /* Preview Assets.xcassets in Resources */,
				A918840B29A691B50098AABC /* Assets.xcassets in Resources */,
			);
			runOnlyForDeploymentPostprocessing = 0;
		};
		A97E662729A7495C00F3E451 /* Resources */ = {
			isa = PBXResourcesBuildPhase;
			buildActionMask = 2147483647;
			files = (
			);
			runOnlyForDeploymentPostprocessing = 0;
		};
/* End PBXResourcesBuildPhase section */

/* Begin PBXSourcesBuildPhase section */
		A91883FF29A691B40098AABC /* Sources */ = {
			isa = PBXSourcesBuildPhase;
			buildActionMask = 2147483647;
			files = (
				A918841E29A6932D0098AABC /* GridViewModel.swift in Sources */,
				A97E663C29A7691400F3E451 /* ColorTheme.swift in Sources */,
				A918841929A6924A0098AABC /* NasaImage.swift in Sources */,
				A918841629A692150098AABC /* DataService.swift in Sources */,
				A97E661329A7190300F3E451 /* DetailView.swift in Sources */,
				A918840929A691B40098AABC /* ContentView.swift in Sources */,
				A918841C29A6930C0098AABC /* GridView.swift in Sources */,
				A918840729A691B40098AABC /* NasaGalleryApp.swift in Sources */,
				A97E661529A7191200F3E451 /* DetailViewModel.swift in Sources */,
			);
			runOnlyForDeploymentPostprocessing = 0;
		};
		A97E662529A7495C00F3E451 /* Sources */ = {
			isa = PBXSourcesBuildPhase;
			buildActionMask = 2147483647;
			files = (
				A97E663629A749A800F3E451 /* GridViewModel_tests.swift in Sources */,
				A97E662C29A7495C00F3E451 /* NasaGalleryTests.swift in Sources */,
			);
			runOnlyForDeploymentPostprocessing = 0;
		};
/* End PBXSourcesBuildPhase section */

/* Begin PBXTargetDependency section */
		A97E662E29A7495C00F3E451 /* PBXTargetDependency */ = {
			isa = PBXTargetDependency;
			target = A918840229A691B40098AABC /* NasaGallery */;
			targetProxy = A97E662D29A7495C00F3E451 /* PBXContainerItemProxy */;
		};
/* End PBXTargetDependency section */

/* Begin XCBuildConfiguration section */
		A918840F29A691B50098AABC /* Debug */ = {
			isa = XCBuildConfiguration;
			buildSettings = {
				ALWAYS_SEARCH_USER_PATHS = NO;
				CLANG_ANALYZER_NONNULL = YES;
				CLANG_ANALYZER_NUMBER_OBJECT_CONVERSION = YES_AGGRESSIVE;
				CLANG_CXX_LANGUAGE_STANDARD = "gnu++20";
				CLANG_ENABLE_MODULES = YES;
				CLANG_ENABLE_OBJC_ARC = YES;
				CLANG_ENABLE_OBJC_WEAK = YES;
				CLANG_WARN_BLOCK_CAPTURE_AUTORELEASING = YES;
				CLANG_WARN_BOOL_CONVERSION = YES;
				CLANG_WARN_COMMA = YES;
				CLANG_WARN_CONSTANT_CONVERSION = YES;
				CLANG_WARN_DEPRECATED_OBJC_IMPLEMENTATIONS = YES;
				CLANG_WARN_DIRECT_OBJC_ISA_USAGE = YES_ERROR;
				CLANG_WARN_DOCUMENTATION_COMMENTS = YES;
				CLANG_WARN_EMPTY_BODY = YES;
				CLANG_WARN_ENUM_CONVERSION = YES;
				CLANG_WARN_INFINITE_RECURSION = YES;
				CLANG_WARN_INT_CONVERSION = YES;
				CLANG_WARN_NON_LITERAL_NULL_CONVERSION = YES;
				CLANG_WARN_OBJC_IMPLICIT_RETAIN_SELF = YES;
				CLANG_WARN_OBJC_LITERAL_CONVERSION = YES;
				CLANG_WARN_OBJC_ROOT_CLASS = YES_ERROR;
				CLANG_WARN_QUOTED_INCLUDE_IN_FRAMEWORK_HEADER = YES;
				CLANG_WARN_RANGE_LOOP_ANALYSIS = YES;
				CLANG_WARN_STRICT_PROTOTYPES = YES;
				CLANG_WARN_SUSPICIOUS_MOVE = YES;
				CLANG_WARN_UNGUARDED_AVAILABILITY = YES_AGGRESSIVE;
				CLANG_WARN_UNREACHABLE_CODE = YES;
				CLANG_WARN__DUPLICATE_METHOD_MATCH = YES;
				COPY_PHASE_STRIP = NO;
				DEBUG_INFORMATION_FORMAT = dwarf;
				ENABLE_STRICT_OBJC_MSGSEND = YES;
				ENABLE_TESTABILITY = YES;
				GCC_C_LANGUAGE_STANDARD = gnu11;
				GCC_DYNAMIC_NO_PIC = NO;
				GCC_NO_COMMON_BLOCKS = YES;
				GCC_OPTIMIZATION_LEVEL = 0;
				GCC_PREPROCESSOR_DEFINITIONS = (
					"DEBUG=1",
					"$(inherited)",
				);
				GCC_WARN_64_TO_32_BIT_CONVERSION = YES;
				GCC_WARN_ABOUT_RETURN_TYPE = YES_ERROR;
				GCC_WARN_UNDECLARED_SELECTOR = YES;
				GCC_WARN_UNINITIALIZED_AUTOS = YES_AGGRESSIVE;
				GCC_WARN_UNUSED_FUNCTION = YES;
				GCC_WARN_UNUSED_VARIABLE = YES;
				IPHONEOS_DEPLOYMENT_TARGET = 16.2;
				MTL_ENABLE_DEBUG_INFO = INCLUDE_SOURCE;
				MTL_FAST_MATH = YES;
				ONLY_ACTIVE_ARCH = YES;
				SDKROOT = iphoneos;
				SWIFT_ACTIVE_COMPILATION_CONDITIONS = DEBUG;
				SWIFT_OPTIMIZATION_LEVEL = "-Onone";
			};
			name = Debug;
		};
		A918841029A691B50098AABC /* Release */ = {
			isa = XCBuildConfiguration;
			buildSettings = {
				ALWAYS_SEARCH_USER_PATHS = NO;
				CLANG_ANALYZER_NONNULL = YES;
				CLANG_ANALYZER_NUMBER_OBJECT_CONVERSION = YES_AGGRESSIVE;
				CLANG_CXX_LANGUAGE_STANDARD = "gnu++20";
				CLANG_ENABLE_MODULES = YES;
				CLANG_ENABLE_OBJC_ARC = YES;
				CLANG_ENABLE_OBJC_WEAK = YES;
				CLANG_WARN_BLOCK_CAPTURE_AUTORELEASING = YES;
				CLANG_WARN_BOOL_CONVERSION = YES;
				CLANG_WARN_COMMA = YES;
				CLANG_WARN_CONSTANT_CONVERSION = YES;
				CLANG_WARN_DEPRECATED_OBJC_IMPLEMENTATIONS = YES;
				CLANG_WARN_DIRECT_OBJC_ISA_USAGE = YES_ERROR;
				CLANG_WARN_DOCUMENTATION_COMMENTS = YES;
				CLANG_WARN_EMPTY_BODY = YES;
				CLANG_WARN_ENUM_CONVERSION = YES;
				CLANG_WARN_INFINITE_RECURSION = YES;
				CLANG_WARN_INT_CONVERSION = YES;
				CLANG_WARN_NON_LITERAL_NULL_CONVERSION = YES;
				CLANG_WARN_OBJC_IMPLICIT_RETAIN_SELF = YES;
				CLANG_WARN_OBJC_LITERAL_CONVERSION = YES;
				CLANG_WARN_OBJC_ROOT_CLASS = YES_ERROR;
				CLANG_WARN_QUOTED_INCLUDE_IN_FRAMEWORK_HEADER = YES;
				CLANG_WARN_RANGE_LOOP_ANALYSIS = YES;
				CLANG_WARN_STRICT_PROTOTYPES = YES;
				CLANG_WARN_SUSPICIOUS_MOVE = YES;
				CLANG_WARN_UNGUARDED_AVAILABILITY = YES_AGGRESSIVE;
				CLANG_WARN_UNREACHABLE_CODE = YES;
				CLANG_WARN__DUPLICATE_METHOD_MATCH = YES;
				COPY_PHASE_STRIP = NO;
				DEBUG_INFORMATION_FORMAT = "dwarf-with-dsym";
				ENABLE_NS_ASSERTIONS = NO;
				ENABLE_STRICT_OBJC_MSGSEND = YES;
				GCC_C_LANGUAGE_STANDARD = gnu11;
				GCC_NO_COMMON_BLOCKS = YES;
				GCC_WARN_64_TO_32_BIT_CONVERSION = YES;
				GCC_WARN_ABOUT_RETURN_TYPE = YES_ERROR;
				GCC_WARN_UNDECLARED_SELECTOR = YES;
				GCC_WARN_UNINITIALIZED_AUTOS = YES_AGGRESSIVE;
				GCC_WARN_UNUSED_FUNCTION = YES;
				GCC_WARN_UNUSED_VARIABLE = YES;
				IPHONEOS_DEPLOYMENT_TARGET = 16.2;
				MTL_ENABLE_DEBUG_INFO = NO;
				MTL_FAST_MATH = YES;
				SDKROOT = iphoneos;
				SWIFT_COMPILATION_MODE = wholemodule;
				SWIFT_OPTIMIZATION_LEVEL = "-O";
				VALIDATE_PRODUCT = YES;
			};
			name = Release;
		};
		A918841229A691B50098AABC /* Debug */ = {
			isa = XCBuildConfiguration;
			buildSettings = {
				ASSETCATALOG_COMPILER_APPICON_NAME = AppIcon;
				ASSETCATALOG_COMPILER_GLOBAL_ACCENT_COLOR_NAME = AccentColor;
				CODE_SIGN_STYLE = Automatic;
				CURRENT_PROJECT_VERSION = 1;
				DEVELOPMENT_ASSET_PATHS = "\"NasaGallery/Preview Content\"";
				DEVELOPMENT_TEAM = 3CK29B76Z7;
				ENABLE_PREVIEWS = YES;
				GENERATE_INFOPLIST_FILE = YES;
				INFOPLIST_KEY_UIApplicationSceneManifest_Generation = YES;
				INFOPLIST_KEY_UIApplicationSupportsIndirectInputEvents = YES;
				INFOPLIST_KEY_UILaunchScreen_Generation = YES;
				INFOPLIST_KEY_UISupportedInterfaceOrientations_iPad = "UIInterfaceOrientationPortrait UIInterfaceOrientationPortraitUpsideDown UIInterfaceOrientationLandscapeLeft UIInterfaceOrientationLandscapeRight";
				INFOPLIST_KEY_UISupportedInterfaceOrientations_iPhone = "UIInterfaceOrientationPortrait UIInterfaceOrientationLandscapeLeft UIInterfaceOrientationLandscapeRight";
				LD_RUNPATH_SEARCH_PATHS = (
					"$(inherited)",
					"@executable_path/Frameworks",
				);
				MARKETING_VERSION = 1.0;
				PRODUCT_BUNDLE_IDENTIFIER = me.bhatt.bhavik.NasaGallery;
				PRODUCT_NAME = "$(TARGET_NAME)";
				SWIFT_EMIT_LOC_STRINGS = YES;
				SWIFT_VERSION = 5.0;
				TARGETED_DEVICE_FAMILY = "1,2";
			};
			name = Debug;
		};
		A918841329A691B50098AABC /* Release */ = {
			isa = XCBuildConfiguration;
			buildSettings = {
				ASSETCATALOG_COMPILER_APPICON_NAME = AppIcon;
				ASSETCATALOG_COMPILER_GLOBAL_ACCENT_COLOR_NAME = AccentColor;
				CODE_SIGN_STYLE = Automatic;
				CURRENT_PROJECT_VERSION = 1;
				DEVELOPMENT_ASSET_PATHS = "\"NasaGallery/Preview Content\"";
				DEVELOPMENT_TEAM = 3CK29B76Z7;
				ENABLE_PREVIEWS = YES;
				GENERATE_INFOPLIST_FILE = YES;
				INFOPLIST_KEY_UIApplicationSceneManifest_Generation = YES;
				INFOPLIST_KEY_UIApplicationSupportsIndirectInputEvents = YES;
				INFOPLIST_KEY_UILaunchScreen_Generation = YES;
				INFOPLIST_KEY_UISupportedInterfaceOrientations_iPad = "UIInterfaceOrientationPortrait UIInterfaceOrientationPortraitUpsideDown UIInterfaceOrientationLandscapeLeft UIInterfaceOrientationLandscapeRight";
				INFOPLIST_KEY_UISupportedInterfaceOrientations_iPhone = "UIInterfaceOrientationPortrait UIInterfaceOrientationLandscapeLeft UIInterfaceOrientationLandscapeRight";
				LD_RUNPATH_SEARCH_PATHS = (
					"$(inherited)",
					"@executable_path/Frameworks",
				);
				MARKETING_VERSION = 1.0;
				PRODUCT_BUNDLE_IDENTIFIER = me.bhatt.bhavik.NasaGallery;
				PRODUCT_NAME = "$(TARGET_NAME)";
				SWIFT_EMIT_LOC_STRINGS = YES;
				SWIFT_VERSION = 5.0;
				TARGETED_DEVICE_FAMILY = "1,2";
			};
			name = Release;
		};
		A97E662F29A7495D00F3E451 /* Debug */ = {
			isa = XCBuildConfiguration;
			buildSettings = {
				BUNDLE_LOADER = "$(TEST_HOST)";
				CODE_SIGN_STYLE = Automatic;
				CURRENT_PROJECT_VERSION = 1;
				DEVELOPMENT_TEAM = 3CK29B76Z7;
				GENERATE_INFOPLIST_FILE = YES;
				MARKETING_VERSION = 1.0;
				PRODUCT_BUNDLE_IDENTIFIER = me.bhatt.bhavik.NasaGalleryTests;
				PRODUCT_NAME = "$(TARGET_NAME)";
				SWIFT_EMIT_LOC_STRINGS = NO;
				SWIFT_VERSION = 5.0;
				TARGETED_DEVICE_FAMILY = "1,2";
				TEST_HOST = "$(BUILT_PRODUCTS_DIR)/NasaGallery.app/$(BUNDLE_EXECUTABLE_FOLDER_PATH)/NasaGallery";
			};
			name = Debug;
		};
		A97E663029A7495D00F3E451 /* Release */ = {
			isa = XCBuildConfiguration;
			buildSettings = {
				BUNDLE_LOADER = "$(TEST_HOST)";
				CODE_SIGN_STYLE = Automatic;
				CURRENT_PROJECT_VERSION = 1;
				DEVELOPMENT_TEAM = 3CK29B76Z7;
				GENERATE_INFOPLIST_FILE = YES;
				MARKETING_VERSION = 1.0;
				PRODUCT_BUNDLE_IDENTIFIER = me.bhatt.bhavik.NasaGalleryTests;
				PRODUCT_NAME = "$(TARGET_NAME)";
				SWIFT_EMIT_LOC_STRINGS = NO;
				SWIFT_VERSION = 5.0;
				TARGETED_DEVICE_FAMILY = "1,2";
				TEST_HOST = "$(BUILT_PRODUCTS_DIR)/NasaGallery.app/$(BUNDLE_EXECUTABLE_FOLDER_PATH)/NasaGallery";
			};
			name = Release;
		};
/* End XCBuildConfiguration section */

/* Begin XCConfigurationList section */
		A91883FE29A691B40098AABC /* Build configuration list for PBXProject "NasaGallery" */ = {
			isa = XCConfigurationList;
			buildConfigurations = (
				A918840F29A691B50098AABC /* Debug */,
				A918841029A691B50098AABC /* Release */,
			);
			defaultConfigurationIsVisible = 0;
			defaultConfigurationName = Release;
		};
		A918841129A691B50098AABC /* Build configuration list for PBXNativeTarget "NasaGallery" */ = {
			isa = XCConfigurationList;
			buildConfigurations = (
				A918841229A691B50098AABC /* Debug */,
				A918841329A691B50098AABC /* Release */,
			);
			defaultConfigurationIsVisible = 0;
			defaultConfigurationName = Release;
		};
		A97E663129A7495D00F3E451 /* Build configuration list for PBXNativeTarget "NasaGalleryTests" */ = {
			isa = XCConfigurationList;
			buildConfigurations = (
				A97E662F29A7495D00F3E451 /* Debug */,
				A97E663029A7495D00F3E451 /* Release */,
			);
			defaultConfigurationIsVisible = 0;
			defaultConfigurationName = Release;
		};
/* End XCConfigurationList section */

/* Begin XCRemoteSwiftPackageReference section */
		A918841F29A693990098AABC /* XCRemoteSwiftPackageReference "SDWebImageSwiftUI" */ = {
			isa = XCRemoteSwiftPackageReference;
			repositoryURL = "https://github.com/SDWebImage/SDWebImageSwiftUI";
			requirement = {
				branch = master;
				kind = branch;
			};
		};
/* End XCRemoteSwiftPackageReference section */

/* Begin XCSwiftPackageProductDependency section */
		A918842029A693990098AABC /* SDWebImageSwiftUI */ = {
			isa = XCSwiftPackageProductDependency;
			package = A918841F29A693990098AABC /* XCRemoteSwiftPackageReference "SDWebImageSwiftUI" */;
			productName = SDWebImageSwiftUI;
		};
		A97E663329A7496F00F3E451 /* SDWebImageSwiftUI */ = {
			isa = XCSwiftPackageProductDependency;
			package = A918841F29A693990098AABC /* XCRemoteSwiftPackageReference "SDWebImageSwiftUI" */;
			productName = SDWebImageSwiftUI;
		};
/* End XCSwiftPackageProductDependency section */
	};
	rootObject = A91883FB29A691B40098AABC /* Project object */;
}
